// !$*UTF8*$!
{
	archiveVersion = 1;
	classes = {
	};
	objectVersion = 54;
	objects = {

/* Begin PBXBuildFile section */
		15513C101D70F80400D67B56 /* AppDelegate.swift in Sources */ = {isa = PBXBuildFile; fileRef = 15513C0F1D70F80400D67B56 /* AppDelegate.swift */; };
		15513C121D70F80400D67B56 /* ViewController.swift in Sources */ = {isa = PBXBuildFile; fileRef = 15513C111D70F80400D67B56 /* ViewController.swift */; };
		15513C151D70F80400D67B56 /* Main.storyboard in Resources */ = {isa = PBXBuildFile; fileRef = 15513C131D70F80400D67B56 /* Main.storyboard */; };
		15513C171D70F80500D67B56 /* Assets.xcassets in Resources */ = {isa = PBXBuildFile; fileRef = 15513C161D70F80500D67B56 /* Assets.xcassets */; };
		15513C1A1D70F80500D67B56 /* LaunchScreen.storyboard in Resources */ = {isa = PBXBuildFile; fileRef = 15513C181D70F80500D67B56 /* LaunchScreen.storyboard */; };
		15513C251D70F80500D67B56 /* MammothChessTests.swift in Sources */ = {isa = PBXBuildFile; fileRef = 15513C241D70F80500D67B56 /* MammothChessTests.swift */; };
		15513C301D70F80500D67B56 /* MammothChessUITests.swift in Sources */ = {isa = PBXBuildFile; fileRef = 15513C2F1D70F80500D67B56 /* MammothChessUITests.swift */; };
		15513C701D721D2300D67B56 /* Piece.swift in Sources */ = {isa = PBXBuildFile; fileRef = 15513C6F1D721D2300D67B56 /* Piece.swift */; };
		15513C721D721D3500D67B56 /* Pawn.swift in Sources */ = {isa = PBXBuildFile; fileRef = 15513C711D721D3500D67B56 /* Pawn.swift */; };
		15513C741D721D4A00D67B56 /* Knight.swift in Sources */ = {isa = PBXBuildFile; fileRef = 15513C731D721D4A00D67B56 /* Knight.swift */; };
		15513C761D721D5700D67B56 /* Rook.swift in Sources */ = {isa = PBXBuildFile; fileRef = 15513C751D721D5700D67B56 /* Rook.swift */; };
		15513C781D721D6800D67B56 /* Bishop.swift in Sources */ = {isa = PBXBuildFile; fileRef = 15513C771D721D6800D67B56 /* Bishop.swift */; };
		15513C7A1D721D7D00D67B56 /* King.swift in Sources */ = {isa = PBXBuildFile; fileRef = 15513C791D721D7D00D67B56 /* King.swift */; };
		15513C7C1D721D8C00D67B56 /* Queen.swift in Sources */ = {isa = PBXBuildFile; fileRef = 15513C7B1D721D8C00D67B56 /* Queen.swift */; };
		15513C7E1D721DA000D67B56 /* Dummy.swift in Sources */ = {isa = PBXBuildFile; fileRef = 15513C7D1D721DA000D67B56 /* Dummy.swift */; };
		15513C801D721DBA00D67B56 /* ChessGame.swift in Sources */ = {isa = PBXBuildFile; fileRef = 15513C7F1D721DBA00D67B56 /* ChessGame.swift */; };
		15513C821D721DCA00D67B56 /* ChessBoard.swift in Sources */ = {isa = PBXBuildFile; fileRef = 15513C811D721DCA00D67B56 /* ChessBoard.swift */; };
		15513C841D721DE100D67B56 /* ExtensionUIChessPiece.swift in Sources */ = {isa = PBXBuildFile; fileRef = 15513C831D721DE100D67B56 /* ExtensionUIChessPiece.swift */; };
		15513C861D721DF900D67B56 /* BoardIndex.swift in Sources */ = {isa = PBXBuildFile; fileRef = 15513C851D721DF900D67B56 /* BoardIndex.swift */; };
		157323F21D78937B00E292F1 /* StartScreen.swift in Sources */ = {isa = PBXBuildFile; fileRef = 157323F11D78937B00E292F1 /* StartScreen.swift */; };
/* End PBXBuildFile section */

/* Begin PBXContainerItemProxy section */
		15513C211D70F80500D67B56 /* PBXContainerItemProxy */ = {
			isa = PBXContainerItemProxy;
			containerPortal = 15513C041D70F80400D67B56 /* Project object */;
			proxyType = 1;
			remoteGlobalIDString = 15513C0B1D70F80400D67B56;
			remoteInfo = MammothChess;
		};
		15513C2C1D70F80500D67B56 /* PBXContainerItemProxy */ = {
			isa = PBXContainerItemProxy;
			containerPortal = 15513C041D70F80400D67B56 /* Project object */;
			proxyType = 1;
			remoteGlobalIDString = 15513C0B1D70F80400D67B56;
			remoteInfo = MammothChess;
		};
/* End PBXContainerItemProxy section */

/* Begin PBXFileReference section */
		15513C0C1D70F80400D67B56 /* MammothChess.app */ = {isa = PBXFileReference; explicitFileType = wrapper.application; includeInIndex = 0; path = MammothChess.app; sourceTree = BUILT_PRODUCTS_DIR; };
		15513C0F1D70F80400D67B56 /* AppDelegate.swift */ = {isa = PBXFileReference; lastKnownFileType = sourcecode.swift; path = AppDelegate.swift; sourceTree = "<group>"; };
		15513C111D70F80400D67B56 /* ViewController.swift */ = {isa = PBXFileReference; lastKnownFileType = sourcecode.swift; path = ViewController.swift; sourceTree = "<group>"; };
		15513C141D70F80400D67B56 /* Base */ = {isa = PBXFileReference; lastKnownFileType = file.storyboard; name = Base; path = Base.lproj/Main.storyboard; sourceTree = "<group>"; };
		15513C161D70F80500D67B56 /* Assets.xcassets */ = {isa = PBXFileReference; lastKnownFileType = folder.assetcatalog; path = Assets.xcassets; sourceTree = "<group>"; };
		15513C191D70F80500D67B56 /* Base */ = {isa = PBXFileReference; lastKnownFileType = file.storyboard; name = Base; path = Base.lproj/LaunchScreen.storyboard; sourceTree = "<group>"; };
		15513C1B1D70F80500D67B56 /* Info.plist */ = {isa = PBXFileReference; lastKnownFileType = text.plist.xml; path = Info.plist; sourceTree = "<group>"; };
		15513C201D70F80500D67B56 /* MammothChessTests.xctest */ = {isa = PBXFileReference; explicitFileType = wrapper.cfbundle; includeInIndex = 0; path = MammothChessTests.xctest; sourceTree = BUILT_PRODUCTS_DIR; };
		15513C241D70F80500D67B56 /* MammothChessTests.swift */ = {isa = PBXFileReference; lastKnownFileType = sourcecode.swift; path = MammothChessTests.swift; sourceTree = "<group>"; };
		15513C261D70F80500D67B56 /* Info.plist */ = {isa = PBXFileReference; lastKnownFileType = text.plist.xml; path = Info.plist; sourceTree = "<group>"; };
		15513C2B1D70F80500D67B56 /* MammothChessUITests.xctest */ = {isa = PBXFileReference; explicitFileType = wrapper.cfbundle; includeInIndex = 0; path = MammothChessUITests.xctest; sourceTree = BUILT_PRODUCTS_DIR; };
		15513C2F1D70F80500D67B56 /* MammothChessUITests.swift */ = {isa = PBXFileReference; lastKnownFileType = sourcecode.swift; path = MammothChessUITests.swift; sourceTree = "<group>"; };
		15513C311D70F80500D67B56 /* Info.plist */ = {isa = PBXFileReference; lastKnownFileType = text.plist.xml; path = Info.plist; sourceTree = "<group>"; };
		15513C6F1D721D2300D67B56 /* Piece.swift */ = {isa = PBXFileReference; fileEncoding = 4; lastKnownFileType = sourcecode.swift; path = Piece.swift; sourceTree = "<group>"; };
		15513C711D721D3500D67B56 /* Pawn.swift */ = {isa = PBXFileReference; fileEncoding = 4; lastKnownFileType = sourcecode.swift; path = Pawn.swift; sourceTree = "<group>"; };
		15513C731D721D4A00D67B56 /* Knight.swift */ = {isa = PBXFileReference; fileEncoding = 4; lastKnownFileType = sourcecode.swift; path = Knight.swift; sourceTree = "<group>"; };
		15513C751D721D5700D67B56 /* Rook.swift */ = {isa = PBXFileReference; fileEncoding = 4; lastKnownFileType = sourcecode.swift; path = Rook.swift; sourceTree = "<group>"; };
		15513C771D721D6800D67B56 /* Bishop.swift */ = {isa = PBXFileReference; fileEncoding = 4; lastKnownFileType = sourcecode.swift; path = Bishop.swift; sourceTree = "<group>"; };
		15513C791D721D7D00D67B56 /* King.swift */ = {isa = PBXFileReference; fileEncoding = 4; lastKnownFileType = sourcecode.swift; path = King.swift; sourceTree = "<group>"; };
		15513C7B1D721D8C00D67B56 /* Queen.swift */ = {isa = PBXFileReference; fileEncoding = 4; lastKnownFileType = sourcecode.swift; path = Queen.swift; sourceTree = "<group>"; };
		15513C7D1D721DA000D67B56 /* Dummy.swift */ = {isa = PBXFileReference; fileEncoding = 4; lastKnownFileType = sourcecode.swift; path = Dummy.swift; sourceTree = "<group>"; };
		15513C7F1D721DBA00D67B56 /* ChessGame.swift */ = {isa = PBXFileReference; fileEncoding = 4; lastKnownFileType = sourcecode.swift; path = ChessGame.swift; sourceTree = "<group>"; };
		15513C811D721DCA00D67B56 /* ChessBoard.swift */ = {isa = PBXFileReference; fileEncoding = 4; lastKnownFileType = sourcecode.swift; path = ChessBoard.swift; sourceTree = "<group>"; };
		15513C831D721DE100D67B56 /* ExtensionUIChessPiece.swift */ = {isa = PBXFileReference; fileEncoding = 4; lastKnownFileType = sourcecode.swift; path = ExtensionUIChessPiece.swift; sourceTree = "<group>"; };
		15513C851D721DF900D67B56 /* BoardIndex.swift */ = {isa = PBXFileReference; fileEncoding = 4; lastKnownFileType = sourcecode.swift; path = BoardIndex.swift; sourceTree = "<group>"; };
		157323F11D78937B00E292F1 /* StartScreen.swift */ = {isa = PBXFileReference; fileEncoding = 4; lastKnownFileType = sourcecode.swift; path = StartScreen.swift; sourceTree = "<group>"; };
/* End PBXFileReference section */

/* Begin PBXFrameworksBuildPhase section */
		15513C091D70F80400D67B56 /* Frameworks */ = {
			isa = PBXFrameworksBuildPhase;
			buildActionMask = 2147483647;
			files = (
			);
			runOnlyForDeploymentPostprocessing = 0;
		};
		15513C1D1D70F80500D67B56 /* Frameworks */ = {
			isa = PBXFrameworksBuildPhase;
			buildActionMask = 2147483647;
			files = (
			);
			runOnlyForDeploymentPostprocessing = 0;
		};
		15513C281D70F80500D67B56 /* Frameworks */ = {
			isa = PBXFrameworksBuildPhase;
			buildActionMask = 2147483647;
			files = (
			);
			runOnlyForDeploymentPostprocessing = 0;
		};
/* End PBXFrameworksBuildPhase section */

/* Begin PBXGroup section */
		15513C031D70F80400D67B56 = {
			isa = PBXGroup;
			children = (
				15513C0E1D70F80400D67B56 /* MammothChess */,
				15513C231D70F80500D67B56 /* MammothChessTests */,
				15513C2E1D70F80500D67B56 /* MammothChessUITests */,
				15513C0D1D70F80400D67B56 /* Products */,
			);
			sourceTree = "<group>";
		};
		15513C0D1D70F80400D67B56 /* Products */ = {
			isa = PBXGroup;
			children = (
				15513C0C1D70F80400D67B56 /* MammothChess.app */,
				15513C201D70F80500D67B56 /* MammothChessTests.xctest */,
				15513C2B1D70F80500D67B56 /* MammothChessUITests.xctest */,
			);
			name = Products;
			sourceTree = "<group>";
		};
		15513C0E1D70F80400D67B56 /* MammothChess */ = {
			isa = PBXGroup;
			children = (
				15513C6F1D721D2300D67B56 /* Piece.swift */,
				15513C711D721D3500D67B56 /* Pawn.swift */,
				15513C731D721D4A00D67B56 /* Knight.swift */,
				15513C751D721D5700D67B56 /* Rook.swift */,
				15513C771D721D6800D67B56 /* Bishop.swift */,
				15513C791D721D7D00D67B56 /* King.swift */,
				15513C7B1D721D8C00D67B56 /* Queen.swift */,
				15513C7D1D721DA000D67B56 /* Dummy.swift */,
				15513C7F1D721DBA00D67B56 /* ChessGame.swift */,
				15513C811D721DCA00D67B56 /* ChessBoard.swift */,
				15513C831D721DE100D67B56 /* ExtensionUIChessPiece.swift */,
				15513C851D721DF900D67B56 /* BoardIndex.swift */,
				15513C0F1D70F80400D67B56 /* AppDelegate.swift */,
				15513C111D70F80400D67B56 /* ViewController.swift */,
				157323F11D78937B00E292F1 /* StartScreen.swift */,
				15513C131D70F80400D67B56 /* Main.storyboard */,
				15513C161D70F80500D67B56 /* Assets.xcassets */,
				15513C181D70F80500D67B56 /* LaunchScreen.storyboard */,
				15513C1B1D70F80500D67B56 /* Info.plist */,
			);
			path = MammothChess;
			sourceTree = "<group>";
		};
		15513C231D70F80500D67B56 /* MammothChessTests */ = {
			isa = PBXGroup;
			children = (
				15513C241D70F80500D67B56 /* MammothChessTests.swift */,
				15513C261D70F80500D67B56 /* Info.plist */,
			);
			path = MammothChessTests;
			sourceTree = "<group>";
		};
		15513C2E1D70F80500D67B56 /* MammothChessUITests */ = {
			isa = PBXGroup;
			children = (
				15513C2F1D70F80500D67B56 /* MammothChessUITests.swift */,
				15513C311D70F80500D67B56 /* Info.plist */,
			);
			path = MammothChessUITests;
			sourceTree = "<group>";
		};
/* End PBXGroup section */

/* Begin PBXNativeTarget section */
		15513C0B1D70F80400D67B56 /* MammothChess */ = {
			isa = PBXNativeTarget;
			buildConfigurationList = 15513C341D70F80500D67B56 /* Build configuration list for PBXNativeTarget "MammothChess" */;
			buildPhases = (
				15513C081D70F80400D67B56 /* Sources */,
				15513C091D70F80400D67B56 /* Frameworks */,
				15513C0A1D70F80400D67B56 /* Resources */,
			);
			buildRules = (
			);
			dependencies = (
			);
			name = MammothChess;
			productName = MammothChess;
			productReference = 15513C0C1D70F80400D67B56 /* MammothChess.app */;
			productType = "com.apple.product-type.application";
		};
		15513C1F1D70F80500D67B56 /* MammothChessTests */ = {
			isa = PBXNativeTarget;
			buildConfigurationList = 15513C371D70F80500D67B56 /* Build configuration list for PBXNativeTarget "MammothChessTests" */;
			buildPhases = (
				15513C1C1D70F80500D67B56 /* Sources */,
				15513C1D1D70F80500D67B56 /* Frameworks */,
				15513C1E1D70F80500D67B56 /* Resources */,
			);
			buildRules = (
			);
			dependencies = (
				15513C221D70F80500D67B56 /* PBXTargetDependency */,
			);
			name = MammothChessTests;
			productName = MammothChessTests;
			productReference = 15513C201D70F80500D67B56 /* MammothChessTests.xctest */;
			productType = "com.apple.product-type.bundle.unit-test";
		};
		15513C2A1D70F80500D67B56 /* MammothChessUITests */ = {
			isa = PBXNativeTarget;
			buildConfigurationList = 15513C3A1D70F80500D67B56 /* Build configuration list for PBXNativeTarget "MammothChessUITests" */;
			buildPhases = (
				15513C271D70F80500D67B56 /* Sources */,
				15513C281D70F80500D67B56 /* Frameworks */,
				15513C291D70F80500D67B56 /* Resources */,
			);
			buildRules = (
			);
			dependencies = (
				15513C2D1D70F80500D67B56 /* PBXTargetDependency */,
			);
			name = MammothChessUITests;
			productName = MammothChessUITests;
			productReference = 15513C2B1D70F80500D67B56 /* MammothChessUITests.xctest */;
			productType = "com.apple.product-type.bundle.ui-testing";
		};
/* End PBXNativeTarget section */

/* Begin PBXProject section */
		15513C041D70F80400D67B56 /* Project object */ = {
			isa = PBXProject;
			attributes = {
				LastSwiftUpdateCheck = 0800;
				LastUpgradeCheck = 1220;
				ORGANIZATIONNAME = "Mammoth Interactive";
				TargetAttributes = {
					15513C0B1D70F80400D67B56 = {
						CreatedOnToolsVersion = 8.0;
						ProvisioningStyle = Automatic;
					};
					15513C1F1D70F80500D67B56 = {
						CreatedOnToolsVersion = 8.0;
						ProvisioningStyle = Automatic;
						TestTargetID = 15513C0B1D70F80400D67B56;
					};
					15513C2A1D70F80500D67B56 = {
						CreatedOnToolsVersion = 8.0;
						ProvisioningStyle = Automatic;
						TestTargetID = 15513C0B1D70F80400D67B56;
					};
				};
			};
			buildConfigurationList = 15513C071D70F80400D67B56 /* Build configuration list for PBXProject "MammothChess" */;
			compatibilityVersion = "Xcode 12.0";
			developmentRegion = English;
			hasScannedForEncodings = 0;
			knownRegions = (
				English,
				en,
				Base,
			);
			mainGroup = 15513C031D70F80400D67B56;
			productRefGroup = 15513C0D1D70F80400D67B56 /* Products */;
			projectDirPath = "";
			projectRoot = "";
			targets = (
				15513C0B1D70F80400D67B56 /* MammothChess */,
				15513C1F1D70F80500D67B56 /* MammothChessTests */,
				15513C2A1D70F80500D67B56 /* MammothChessUITests */,
			);
		};
/* End PBXProject section */

/* Begin PBXResourcesBuildPhase section */
		15513C0A1D70F80400D67B56 /* Resources */ = {
			isa = PBXResourcesBuildPhase;
			buildActionMask = 2147483647;
			files = (
				15513C1A1D70F80500D67B56 /* LaunchScreen.storyboard in Resources */,
				15513C171D70F80500D67B56 /* Assets.xcassets in Resources */,
				15513C151D70F80400D67B56 /* Main.storyboard in Resources */,
			);
			runOnlyForDeploymentPostprocessing = 0;
		};
		15513C1E1D70F80500D67B56 /* Resources */ = {
			isa = PBXResourcesBuildPhase;
			buildActionMask = 2147483647;
			files = (
			);
			runOnlyForDeploymentPostprocessing = 0;
		};
		15513C291D70F80500D67B56 /* Resources */ = {
			isa = PBXResourcesBuildPhase;
			buildActionMask = 2147483647;
			files = (
			);
			runOnlyForDeploymentPostprocessing = 0;
		};
/* End PBXResourcesBuildPhase section */

/* Begin PBXSourcesBuildPhase section */
		15513C081D70F80400D67B56 /* Sources */ = {
			isa = PBXSourcesBuildPhase;
			buildActionMask = 2147483647;
			files = (
				15513C121D70F80400D67B56 /* ViewController.swift in Sources */,
				15513C821D721DCA00D67B56 /* ChessBoard.swift in Sources */,
				157323F21D78937B00E292F1 /* StartScreen.swift in Sources */,
				15513C781D721D6800D67B56 /* Bishop.swift in Sources */,
				15513C7E1D721DA000D67B56 /* Dummy.swift in Sources */,
				15513C101D70F80400D67B56 /* AppDelegate.swift in Sources */,
				15513C801D721DBA00D67B56 /* ChessGame.swift in Sources */,
				15513C841D721DE100D67B56 /* ExtensionUIChessPiece.swift in Sources */,
				15513C7C1D721D8C00D67B56 /* Queen.swift in Sources */,
				15513C761D721D5700D67B56 /* Rook.swift in Sources */,
				15513C861D721DF900D67B56 /* BoardIndex.swift in Sources */,
				15513C701D721D2300D67B56 /* Piece.swift in Sources */,
				15513C721D721D3500D67B56 /* Pawn.swift in Sources */,
				15513C7A1D721D7D00D67B56 /* King.swift in Sources */,
				15513C741D721D4A00D67B56 /* Knight.swift in Sources */,
			);
			runOnlyForDeploymentPostprocessing = 0;
		};
		15513C1C1D70F80500D67B56 /* Sources */ = {
			isa = PBXSourcesBuildPhase;
			buildActionMask = 2147483647;
			files = (
				15513C251D70F80500D67B56 /* MammothChessTests.swift in Sources */,
			);
			runOnlyForDeploymentPostprocessing = 0;
		};
		15513C271D70F80500D67B56 /* Sources */ = {
			isa = PBXSourcesBuildPhase;
			buildActionMask = 2147483647;
			files = (
				15513C301D70F80500D67B56 /* MammothChessUITests.swift in Sources */,
			);
			runOnlyForDeploymentPostprocessing = 0;
		};
/* End PBXSourcesBuildPhase section */

/* Begin PBXTargetDependency section */
		15513C221D70F80500D67B56 /* PBXTargetDependency */ = {
			isa = PBXTargetDependency;
			target = 15513C0B1D70F80400D67B56 /* MammothChess */;
			targetProxy = 15513C211D70F80500D67B56 /* PBXContainerItemProxy */;
		};
		15513C2D1D70F80500D67B56 /* PBXTargetDependency */ = {
			isa = PBXTargetDependency;
			target = 15513C0B1D70F80400D67B56 /* MammothChess */;
			targetProxy = 15513C2C1D70F80500D67B56 /* PBXContainerItemProxy */;
		};
/* End PBXTargetDependency section */

/* Begin PBXVariantGroup section */
		15513C131D70F80400D67B56 /* Main.storyboard */ = {
			isa = PBXVariantGroup;
			children = (
				15513C141D70F80400D67B56 /* Base */,
			);
			name = Main.storyboard;
			sourceTree = "<group>";
		};
		15513C181D70F80500D67B56 /* LaunchScreen.storyboard */ = {
			isa = PBXVariantGroup;
			children = (
				15513C191D70F80500D67B56 /* Base */,
			);
			name = LaunchScreen.storyboard;
			sourceTree = "<group>";
		};
/* End PBXVariantGroup section */

/* Begin XCBuildConfiguration section */
		15513C321D70F80500D67B56 /* Debug */ = {
			isa = XCBuildConfiguration;
			buildSettings = {
				ALWAYS_SEARCH_USER_PATHS = NO;
				CLANG_ANALYZER_LOCALIZABILITY_NONLOCALIZED = YES;
				CLANG_ANALYZER_NONNULL = YES;
				CLANG_CXX_LANGUAGE_STANDARD = "gnu++0x";
				CLANG_CXX_LIBRARY = "libc++";
				CLANG_ENABLE_MODULES = YES;
				CLANG_ENABLE_OBJC_ARC = YES;
				CLANG_WARN_BLOCK_CAPTURE_AUTORELEASING = YES;
				CLANG_WARN_BOOL_CONVERSION = YES;
				CLANG_WARN_COMMA = YES;
				CLANG_WARN_CONSTANT_CONVERSION = YES;
				CLANG_WARN_DEPRECATED_OBJC_IMPLEMENTATIONS = YES;
				CLANG_WARN_DIRECT_OBJC_ISA_USAGE = YES_ERROR;
				CLANG_WARN_DOCUMENTATION_COMMENTS = YES;
				CLANG_WARN_EMPTY_BODY = YES;
				CLANG_WARN_ENUM_CONVERSION = YES;
				CLANG_WARN_INFINITE_RECURSION = YES;
				CLANG_WARN_INT_CONVERSION = YES;
				CLANG_WARN_NON_LITERAL_NULL_CONVERSION = YES;
				CLANG_WARN_OBJC_IMPLICIT_RETAIN_SELF = YES;
				CLANG_WARN_OBJC_LITERAL_CONVERSION = YES;
				CLANG_WARN_OBJC_ROOT_CLASS = YES_ERROR;
				CLANG_WARN_QUOTED_INCLUDE_IN_FRAMEWORK_HEADER = YES;
				CLANG_WARN_RANGE_LOOP_ANALYSIS = YES;
				CLANG_WARN_STRICT_PROTOTYPES = YES;
				CLANG_WARN_SUSPICIOUS_MOVE = YES;
				CLANG_WARN_SUSPICIOUS_MOVES = YES;
				CLANG_WARN_UNREACHABLE_CODE = YES;
				CLANG_WARN__DUPLICATE_METHOD_MATCH = YES;
				"CODE_SIGN_IDENTITY[sdk=iphoneos*]" = "iPhone Developer";
				COPY_PHASE_STRIP = NO;
				DEBUG_INFORMATION_FORMAT = dwarf;
				DEVELOPMENT_TEAM = 8KW4KF38JB;
				ENABLE_STRICT_OBJC_MSGSEND = YES;
				ENABLE_TESTABILITY = YES;
				GCC_C_LANGUAGE_STANDARD = gnu99;
				GCC_DYNAMIC_NO_PIC = NO;
				GCC_NO_COMMON_BLOCKS = YES;
				GCC_OPTIMIZATION_LEVEL = 0;
				GCC_PREPROCESSOR_DEFINITIONS = (
					"DEBUG=1",
					"$(inherited)",
				);
				GCC_WARN_64_TO_32_BIT_CONVERSION = YES;
				GCC_WARN_ABOUT_RETURN_TYPE = YES_ERROR;
				GCC_WARN_UNDECLARED_SELECTOR = YES;
				GCC_WARN_UNINITIALIZED_AUTOS = YES_AGGRESSIVE;
				GCC_WARN_UNUSED_FUNCTION = YES;
				GCC_WARN_UNUSED_VARIABLE = YES;
				IPHONEOS_DEPLOYMENT_TARGET = 14.0;
				MTL_ENABLE_DEBUG_INFO = YES;
				ONLY_ACTIVE_ARCH = YES;
				SDKROOT = iphoneos;
				SWIFT_ACTIVE_COMPILATION_CONDITIONS = DEBUG;
				SWIFT_OPTIMIZATION_LEVEL = "-Onone";
				SWIFT_VERSION = 5.0;
				TARGETED_DEVICE_FAMILY = "1,2";
			};
			name = Debug;
		};
		15513C331D70F80500D67B56 /* Release */ = {
			isa = XCBuildConfiguration;
			buildSettings = {
				ALWAYS_SEARCH_USER_PATHS = NO;
				CLANG_ANALYZER_LOCALIZABILITY_NONLOCALIZED = YES;
				CLANG_ANALYZER_NONNULL = YES;
				CLANG_CXX_LANGUAGE_STANDARD = "gnu++0x";
				CLANG_CXX_LIBRARY = "libc++";
				CLANG_ENABLE_MODULES = YES;
				CLANG_ENABLE_OBJC_ARC = YES;
				CLANG_WARN_BLOCK_CAPTURE_AUTORELEASING = YES;
				CLANG_WARN_BOOL_CONVERSION = YES;
				CLANG_WARN_COMMA = YES;
				CLANG_WARN_CONSTANT_CONVERSION = YES;
				CLANG_WARN_DEPRECATED_OBJC_IMPLEMENTATIONS = YES;
				CLANG_WARN_DIRECT_OBJC_ISA_USAGE = YES_ERROR;
				CLANG_WARN_DOCUMENTATION_COMMENTS = YES;
				CLANG_WARN_EMPTY_BODY = YES;
				CLANG_WARN_ENUM_CONVERSION = YES;
				CLANG_WARN_INFINITE_RECURSION = YES;
				CLANG_WARN_INT_CONVERSION = YES;
				CLANG_WARN_NON_LITERAL_NULL_CONVERSION = YES;
				CLANG_WARN_OBJC_IMPLICIT_RETAIN_SELF = YES;
				CLANG_WARN_OBJC_LITERAL_CONVERSION = YES;
				CLANG_WARN_OBJC_ROOT_CLASS = YES_ERROR;
				CLANG_WARN_QUOTED_INCLUDE_IN_FRAMEWORK_HEADER = YES;
				CLANG_WARN_RANGE_LOOP_ANALYSIS = YES;
				CLANG_WARN_STRICT_PROTOTYPES = YES;
				CLANG_WARN_SUSPICIOUS_MOVE = YES;
				CLANG_WARN_SUSPICIOUS_MOVES = YES;
				CLANG_WARN_UNREACHABLE_CODE = YES;
				CLANG_WARN__DUPLICATE_METHOD_MATCH = YES;
				"CODE_SIGN_IDENTITY[sdk=iphoneos*]" = "iPhone Developer";
				COPY_PHASE_STRIP = NO;
				DEBUG_INFORMATION_FORMAT = "dwarf-with-dsym";
				DEVELOPMENT_TEAM = 8KW4KF38JB;
				ENABLE_NS_ASSERTIONS = NO;
				ENABLE_STRICT_OBJC_MSGSEND = YES;
				GCC_C_LANGUAGE_STANDARD = gnu99;
				GCC_NO_COMMON_BLOCKS = YES;
				GCC_WARN_64_TO_32_BIT_CONVERSION = YES;
				GCC_WARN_ABOUT_RETURN_TYPE = YES_ERROR;
				GCC_WARN_UNDECLARED_SELECTOR = YES;
				GCC_WARN_UNINITIALIZED_AUTOS = YES_AGGRESSIVE;
				GCC_WARN_UNUSED_FUNCTION = YES;
				GCC_WARN_UNUSED_VARIABLE = YES;
				IPHONEOS_DEPLOYMENT_TARGET = 14.0;
				MTL_ENABLE_DEBUG_INFO = NO;
				SDKROOT = iphoneos;
				SWIFT_COMPILATION_MODE = wholemodule;
				SWIFT_OPTIMIZATION_LEVEL = "-O";
				SWIFT_VERSION = 5.0;
				TARGETED_DEVICE_FAMILY = "1,2";
				VALIDATE_PRODUCT = YES;
			};
			name = Release;
		};
		15513C351D70F80500D67B56 /* Debug */ = {
			isa = XCBuildConfiguration;
			buildSettings = {
				ASSETCATALOG_COMPILER_APPICON_NAME = AppIcon;
				INFOPLIST_FILE = MammothChess/Info.plist;
				IPHONEOS_DEPLOYMENT_TARGET = 14.0;
				LD_RUNPATH_SEARCH_PATHS = (
					"$(inherited)",
					"@executable_path/Frameworks",
				);
				PRODUCT_BUNDLE_IDENTIFIER = mammothinteractive.MammothChess;
				PRODUCT_NAME = "$(TARGET_NAME)";
				SWIFT_VERSION = 5.0;
			};
			name = Debug;
		};
		15513C361D70F80500D67B56 /* Release */ = {
			isa = XCBuildConfiguration;
			buildSettings = {
				ASSETCATALOG_COMPILER_APPICON_NAME = AppIcon;
				INFOPLIST_FILE = MammothChess/Info.plist;
				IPHONEOS_DEPLOYMENT_TARGET = 14.0;
				LD_RUNPATH_SEARCH_PATHS = (
					"$(inherited)",
					"@executable_path/Frameworks",
				);
				PRODUCT_BUNDLE_IDENTIFIER = mammothinteractive.MammothChess;
				PRODUCT_NAME = "$(TARGET_NAME)";
				SWIFT_VERSION = 5.0;
			};
			name = Release;
		};
		15513C381D70F80500D67B56 /* Debug */ = {
			isa = XCBuildConfiguration;
			buildSettings = {
				BUNDLE_LOADER = "$(TEST_HOST)";
				INFOPLIST_FILE = MammothChessTests/Info.plist;
				LD_RUNPATH_SEARCH_PATHS = (
					"$(inherited)",
					"@executable_path/Frameworks",
					"@loader_path/Frameworks",
				);
				PRODUCT_BUNDLE_IDENTIFIER = mammothinteractive.MammothChessTests;
				PRODUCT_NAME = "$(TARGET_NAME)";
				SWIFT_VERSION = 5.0;
				TEST_HOST = "$(BUILT_PRODUCTS_DIR)/MammothChess.app/MammothChess";
			};
			name = Debug;
		};
		15513C391D70F80500D67B56 /* Release */ = {
			isa = XCBuildConfiguration;
			buildSettings = {
				BUNDLE_LOADER = "$(TEST_HOST)";
				INFOPLIST_FILE = MammothChessTests/Info.plist;
				LD_RUNPATH_SEARCH_PATHS = (
					"$(inherited)",
					"@executable_path/Frameworks",
					"@loader_path/Frameworks",
				);
				PRODUCT_BUNDLE_IDENTIFIER = mammothinteractive.MammothChessTests;
				PRODUCT_NAME = "$(TARGET_NAME)";
				SWIFT_VERSION = 5.0;
				TEST_HOST = "$(BUILT_PRODUCTS_DIR)/MammothChess.app/MammothChess";
			};
			name = Release;
		};
		15513C3B1D70F80500D67B56 /* Debug */ = {
			isa = XCBuildConfiguration;
			buildSettings = {
				INFOPLIST_FILE = MammothChessUITests/Info.plist;
				LD_RUNPATH_SEARCH_PATHS = (
					"$(inherited)",
					"@executable_path/Frameworks",
					"@loader_path/Frameworks",
				);
				PRODUCT_BUNDLE_IDENTIFIER = mammothinteractive.MammothChessUITests;
				PRODUCT_NAME = "$(TARGET_NAME)";
				SWIFT_VERSION = 5.0;
				TEST_TARGET_NAME = MammothChess;
			};
			name = Debug;
		};
		15513C3C1D70F80500D67B56 /* Release */ = {
			isa = XCBuildConfiguration;
			buildSettings = {
				INFOPLIST_FILE = MammothChessUITests/Info.plist;
				LD_RUNPATH_SEARCH_PATHS = (
					"$(inherited)",
					"@executable_path/Frameworks",
					"@loader_path/Frameworks",
				);
				PRODUCT_BUNDLE_IDENTIFIER = mammothinteractive.MammothChessUITests;
				PRODUCT_NAME = "$(TARGET_NAME)";
				SWIFT_VERSION = 5.0;
				TEST_TARGET_NAME = MammothChess;
			};
			name = Release;
		};
/* End XCBuildConfiguration section */

/* Begin XCConfigurationList section */
		15513C071D70F80400D67B56 /* Build configuration list for PBXProject "MammothChess" */ = {
			isa = XCConfigurationList;
			buildConfigurations = (
				15513C321D70F80500D67B56 /* Debug */,
				15513C331D70F80500D67B56 /* Release */,
			);
			defaultConfigurationIsVisible = 0;
			defaultConfigurationName = Release;
		};
		15513C341D70F80500D67B56 /* Build configuration list for PBXNativeTarget "MammothChess" */ = {
			isa = XCConfigurationList;
			buildConfigurations = (
				15513C351D70F80500D67B56 /* Debug */,
				15513C361D70F80500D67B56 /* Release */,
			);
			defaultConfigurationIsVisible = 0;
			defaultConfigurationName = Release;
		};
		15513C371D70F80500D67B56 /* Build configuration list for PBXNativeTarget "MammothChessTests" */ = {
			isa = XCConfigurationList;
			buildConfigurations = (
				15513C381D70F80500D67B56 /* Debug */,
				15513C391D70F80500D67B56 /* Release */,
			);
			defaultConfigurationIsVisible = 0;
			defaultConfigurationName = Release;
		};
		15513C3A1D70F80500D67B56 /* Build configuration list for PBXNativeTarget "MammothChessUITests" */ = {
			isa = XCConfigurationList;
			buildConfigurations = (
				15513C3B1D70F80500D67B56 /* Debug */,
				15513C3C1D70F80500D67B56 /* Release */,
			);
			defaultConfigurationIsVisible = 0;
			defaultConfigurationName = Release;
		};
/* End XCConfigurationList section */
	};
	rootObject = 15513C041D70F80400D67B56 /* Project object */;
}
