// !$*UTF8*$!
{
	archiveVersion = 1;
	classes = {
	};
	objectVersion = 50;
	objects = {

/* Begin PBXBuildFile section */
		881BD17E25657EC000E6B393 /* AppDelegate.swift in Sources */ = {isa = PBXBuildFile; fileRef = 881BD17D25657EC000E6B393 /* AppDelegate.swift */; };
		881BD18025657EC000E6B393 /* SceneDelegate.swift in Sources */ = {isa = PBXBuildFile; fileRef = 881BD17F25657EC000E6B393 /* SceneDelegate.swift */; };
		881BD18225657EC000E6B393 /* ViewController.swift in Sources */ = {isa = PBXBuildFile; fileRef = 881BD18125657EC000E6B393 /* ViewController.swift */; };
		881BD18525657EC000E6B393 /* Main.storyboard in Resources */ = {isa = PBXBuildFile; fileRef = 881BD18325657EC000E6B393 /* Main.storyboard */; };
		881BD18725657EC100E6B393 /* Assets.xcassets in Resources */ = {isa = PBXBuildFile; fileRef = 881BD18625657EC100E6B393 /* Assets.xcassets */; };
		881BD18A25657EC100E6B393 /* LaunchScreen.storyboard in Resources */ = {isa = PBXBuildFile; fileRef = 881BD18825657EC100E6B393 /* LaunchScreen.storyboard */; };
		881BD19725657F5E00E6B393 /* Piece.swift in Sources */ = {isa = PBXBuildFile; fileRef = 881BD19625657F5E00E6B393 /* Piece.swift */; };
		881BD19A25657F7000E6B393 /* Pawn.swift in Sources */ = {isa = PBXBuildFile; fileRef = 881BD19925657F7000E6B393 /* Pawn.swift */; };
		881BD19D25657F7B00E6B393 /* Knight.swift in Sources */ = {isa = PBXBuildFile; fileRef = 881BD19C25657F7B00E6B393 /* Knight.swift */; };
		881BD1A025657F8300E6B393 /* Rook.swift in Sources */ = {isa = PBXBuildFile; fileRef = 881BD19F25657F8300E6B393 /* Rook.swift */; };
		881BD1A325657F9200E6B393 /* Bishop.swift in Sources */ = {isa = PBXBuildFile; fileRef = 881BD1A225657F9200E6B393 /* Bishop.swift */; };
		881BD1A625657F9B00E6B393 /* King.swift in Sources */ = {isa = PBXBuildFile; fileRef = 881BD1A525657F9B00E6B393 /* King.swift */; };
		881BD1A925657FA400E6B393 /* Queen.swift in Sources */ = {isa = PBXBuildFile; fileRef = 881BD1A825657FA400E6B393 /* Queen.swift */; };
		881BD1AC25657FAD00E6B393 /* Dummy.swift in Sources */ = {isa = PBXBuildFile; fileRef = 881BD1AB25657FAD00E6B393 /* Dummy.swift */; };
		881BD1AF25657FB900E6B393 /* ChessGame.swift in Sources */ = {isa = PBXBuildFile; fileRef = 881BD1AE25657FB900E6B393 /* ChessGame.swift */; };
		881BD1B225657FC200E6B393 /* ChessBoard.swift in Sources */ = {isa = PBXBuildFile; fileRef = 881BD1B125657FC200E6B393 /* ChessBoard.swift */; };
		881BD1B525657FCB00E6B393 /* BoardIndex.swift in Sources */ = {isa = PBXBuildFile; fileRef = 881BD1B425657FCB00E6B393 /* BoardIndex.swift */; };
		881BD1B825657FDA00E6B393 /* ExtensionUIChessPiece.swift in Sources */ = {isa = PBXBuildFile; fileRef = 881BD1B725657FDA00E6B393 /* ExtensionUIChessPiece.swift */; };
		881BD1BB2565800700E6B393 /* StartScreen.swift in Sources */ = {isa = PBXBuildFile; fileRef = 881BD1BA2565800700E6B393 /* StartScreen.swift */; };
		884516FC25B522B800FD9019 /* AppSettings.swift in Sources */ = {isa = PBXBuildFile; fileRef = 884516FB25B522B800FD9019 /* AppSettings.swift */; };
		88B755B625854BE9007AF58F /* NavController.swift in Sources */ = {isa = PBXBuildFile; fileRef = 88B755B525854BE9007AF58F /* NavController.swift */; };
		88FBA9A0259B96BC00D1A941 /* NotationViewController.swift in Sources */ = {isa = PBXBuildFile; fileRef = 88FBA99F259B96BC00D1A941 /* NotationViewController.swift */; };
/* End PBXBuildFile section */

/* Begin PBXFileReference section */
		881BD17A25657EC000E6B393 /* J2Chess.app */ = {isa = PBXFileReference; explicitFileType = wrapper.application; includeInIndex = 0; path = J2Chess.app; sourceTree = BUILT_PRODUCTS_DIR; };
		881BD17D25657EC000E6B393 /* AppDelegate.swift */ = {isa = PBXFileReference; lastKnownFileType = sourcecode.swift; path = AppDelegate.swift; sourceTree = "<group>"; };
		881BD17F25657EC000E6B393 /* SceneDelegate.swift */ = {isa = PBXFileReference; lastKnownFileType = sourcecode.swift; path = SceneDelegate.swift; sourceTree = "<group>"; };
		881BD18125657EC000E6B393 /* ViewController.swift */ = {isa = PBXFileReference; lastKnownFileType = sourcecode.swift; path = ViewController.swift; sourceTree = "<group>"; };
		881BD18425657EC000E6B393 /* Base */ = {isa = PBXFileReference; lastKnownFileType = file.storyboard; name = Base; path = Base.lproj/Main.storyboard; sourceTree = "<group>"; };
		881BD18625657EC100E6B393 /* Assets.xcassets */ = {isa = PBXFileReference; lastKnownFileType = folder.assetcatalog; path = Assets.xcassets; sourceTree = "<group>"; };
		881BD18925657EC100E6B393 /* Base */ = {isa = PBXFileReference; lastKnownFileType = file.storyboard; name = Base; path = Base.lproj/LaunchScreen.storyboard; sourceTree = "<group>"; };
		881BD18B25657EC100E6B393 /* Info.plist */ = {isa = PBXFileReference; lastKnownFileType = text.plist.xml; path = Info.plist; sourceTree = "<group>"; };
		881BD19625657F5E00E6B393 /* Piece.swift */ = {isa = PBXFileReference; lastKnownFileType = sourcecode.swift; path = Piece.swift; sourceTree = "<group>"; };
		881BD19925657F7000E6B393 /* Pawn.swift */ = {isa = PBXFileReference; lastKnownFileType = sourcecode.swift; path = Pawn.swift; sourceTree = "<group>"; };
		881BD19C25657F7B00E6B393 /* Knight.swift */ = {isa = PBXFileReference; lastKnownFileType = sourcecode.swift; path = Knight.swift; sourceTree = "<group>"; };
		881BD19F25657F8300E6B393 /* Rook.swift */ = {isa = PBXFileReference; lastKnownFileType = sourcecode.swift; path = Rook.swift; sourceTree = "<group>"; };
		881BD1A225657F9200E6B393 /* Bishop.swift */ = {isa = PBXFileReference; lastKnownFileType = sourcecode.swift; path = Bishop.swift; sourceTree = "<group>"; };
		881BD1A525657F9B00E6B393 /* King.swift */ = {isa = PBXFileReference; lastKnownFileType = sourcecode.swift; path = King.swift; sourceTree = "<group>"; };
		881BD1A825657FA400E6B393 /* Queen.swift */ = {isa = PBXFileReference; lastKnownFileType = sourcecode.swift; path = Queen.swift; sourceTree = "<group>"; };
		881BD1AB25657FAD00E6B393 /* Dummy.swift */ = {isa = PBXFileReference; lastKnownFileType = sourcecode.swift; path = Dummy.swift; sourceTree = "<group>"; };
		881BD1AE25657FB900E6B393 /* ChessGame.swift */ = {isa = PBXFileReference; lastKnownFileType = sourcecode.swift; path = ChessGame.swift; sourceTree = "<group>"; };
		881BD1B125657FC200E6B393 /* ChessBoard.swift */ = {isa = PBXFileReference; lastKnownFileType = sourcecode.swift; path = ChessBoard.swift; sourceTree = "<group>"; };
		881BD1B425657FCB00E6B393 /* BoardIndex.swift */ = {isa = PBXFileReference; lastKnownFileType = sourcecode.swift; path = BoardIndex.swift; sourceTree = "<group>"; };
		881BD1B725657FDA00E6B393 /* ExtensionUIChessPiece.swift */ = {isa = PBXFileReference; lastKnownFileType = sourcecode.swift; path = ExtensionUIChessPiece.swift; sourceTree = "<group>"; };
		881BD1BA2565800700E6B393 /* StartScreen.swift */ = {isa = PBXFileReference; lastKnownFileType = sourcecode.swift; path = StartScreen.swift; sourceTree = "<group>"; };
		884516FB25B522B800FD9019 /* AppSettings.swift */ = {isa = PBXFileReference; lastKnownFileType = sourcecode.swift; path = AppSettings.swift; sourceTree = "<group>"; };
		884F67952597E82400D8A286 /* J2Chess.entitlements */ = {isa = PBXFileReference; lastKnownFileType = text.plist.entitlements; path = J2Chess.entitlements; sourceTree = "<group>"; };
		88B755B525854BE9007AF58F /* NavController.swift */ = {isa = PBXFileReference; lastKnownFileType = sourcecode.swift; path = NavController.swift; sourceTree = "<group>"; };
		88FBA99F259B96BC00D1A941 /* NotationViewController.swift */ = {isa = PBXFileReference; lastKnownFileType = sourcecode.swift; path = NotationViewController.swift; sourceTree = "<group>"; };
/* End PBXFileReference section */

/* Begin PBXFrameworksBuildPhase section */
		881BD17725657EC000E6B393 /* Frameworks */ = {
			isa = PBXFrameworksBuildPhase;
			buildActionMask = 2147483647;
			files = (
			);
			runOnlyForDeploymentPostprocessing = 0;
		};
/* End PBXFrameworksBuildPhase section */

/* Begin PBXGroup section */
		881BD17125657EC000E6B393 = {
			isa = PBXGroup;
			children = (
				881BD17C25657EC000E6B393 /* J2Chess */,
				881BD17B25657EC000E6B393 /* Products */,
			);
			sourceTree = "<group>";
		};
		881BD17B25657EC000E6B393 /* Products */ = {
			isa = PBXGroup;
			children = (
				881BD17A25657EC000E6B393 /* J2Chess.app */,
			);
			name = Products;
			sourceTree = "<group>";
		};
		881BD17C25657EC000E6B393 /* J2Chess */ = {
			isa = PBXGroup;
			children = (
				884F67952597E82400D8A286 /* J2Chess.entitlements */,
				884516FB25B522B800FD9019 /* AppSettings.swift */,
				881BD19625657F5E00E6B393 /* Piece.swift */,
				881BD19925657F7000E6B393 /* Pawn.swift */,
				881BD19C25657F7B00E6B393 /* Knight.swift */,
				881BD19F25657F8300E6B393 /* Rook.swift */,
				881BD1A225657F9200E6B393 /* Bishop.swift */,
				881BD1A525657F9B00E6B393 /* King.swift */,
				881BD1A825657FA400E6B393 /* Queen.swift */,
				881BD1AB25657FAD00E6B393 /* Dummy.swift */,
				881BD1AE25657FB900E6B393 /* ChessGame.swift */,
				881BD1B125657FC200E6B393 /* ChessBoard.swift */,
				881BD1B725657FDA00E6B393 /* ExtensionUIChessPiece.swift */,
				881BD1B425657FCB00E6B393 /* BoardIndex.swift */,
				881BD1BA2565800700E6B393 /* StartScreen.swift */,
				88B755B525854BE9007AF58F /* NavController.swift */,
				881BD17D25657EC000E6B393 /* AppDelegate.swift */,
				881BD17F25657EC000E6B393 /* SceneDelegate.swift */,
				881BD18125657EC000E6B393 /* ViewController.swift */,
				881BD18325657EC000E6B393 /* Main.storyboard */,
				88FBA99F259B96BC00D1A941 /* NotationViewController.swift */,
				881BD18625657EC100E6B393 /* Assets.xcassets */,
				881BD18825657EC100E6B393 /* LaunchScreen.storyboard */,
				881BD18B25657EC100E6B393 /* Info.plist */,
			);
			path = J2Chess;
			sourceTree = "<group>";
		};
/* End PBXGroup section */

/* Begin PBXNativeTarget section */
		881BD17925657EC000E6B393 /* J2Chess */ = {
			isa = PBXNativeTarget;
			buildConfigurationList = 881BD18E25657EC100E6B393 /* Build configuration list for PBXNativeTarget "J2Chess" */;
			buildPhases = (
				881BD17625657EC000E6B393 /* Sources */,
				881BD17725657EC000E6B393 /* Frameworks */,
				881BD17825657EC000E6B393 /* Resources */,
			);
			buildRules = (
			);
			dependencies = (
			);
			name = J2Chess;
			productName = JeffChess;
			productReference = 881BD17A25657EC000E6B393 /* J2Chess.app */;
			productType = "com.apple.product-type.application";
		};
/* End PBXNativeTarget section */

/* Begin PBXProject section */
		881BD17225657EC000E6B393 /* Project object */ = {
			isa = PBXProject;
			attributes = {
				LastSwiftUpdateCheck = 1220;
				LastUpgradeCheck = 1220;
				TargetAttributes = {
					881BD17925657EC000E6B393 = {
						CreatedOnToolsVersion = 12.2;
					};
				};
			};
			buildConfigurationList = 881BD17525657EC000E6B393 /* Build configuration list for PBXProject "J2Chess" */;
			compatibilityVersion = "Xcode 9.3";
			developmentRegion = en;
			hasScannedForEncodings = 0;
			knownRegions = (
				en,
				Base,
			);
			mainGroup = 881BD17125657EC000E6B393;
			productRefGroup = 881BD17B25657EC000E6B393 /* Products */;
			projectDirPath = "";
			projectRoot = "";
			targets = (
				881BD17925657EC000E6B393 /* J2Chess */,
			);
		};
/* End PBXProject section */

/* Begin PBXResourcesBuildPhase section */
		881BD17825657EC000E6B393 /* Resources */ = {
			isa = PBXResourcesBuildPhase;
			buildActionMask = 2147483647;
			files = (
				881BD18A25657EC100E6B393 /* LaunchScreen.storyboard in Resources */,
				881BD18725657EC100E6B393 /* Assets.xcassets in Resources */,
				881BD18525657EC000E6B393 /* Main.storyboard in Resources */,
			);
			runOnlyForDeploymentPostprocessing = 0;
		};
/* End PBXResourcesBuildPhase section */

/* Begin PBXSourcesBuildPhase section */
		881BD17625657EC000E6B393 /* Sources */ = {
			isa = PBXSourcesBuildPhase;
			buildActionMask = 2147483647;
			files = (
				881BD1B225657FC200E6B393 /* ChessBoard.swift in Sources */,
				884516FC25B522B800FD9019 /* AppSettings.swift in Sources */,
				881BD19725657F5E00E6B393 /* Piece.swift in Sources */,
				881BD1A025657F8300E6B393 /* Rook.swift in Sources */,
				881BD1AC25657FAD00E6B393 /* Dummy.swift in Sources */,
				881BD1A625657F9B00E6B393 /* King.swift in Sources */,
				881BD1B825657FDA00E6B393 /* ExtensionUIChessPiece.swift in Sources */,
				881BD18225657EC000E6B393 /* ViewController.swift in Sources */,
				881BD17E25657EC000E6B393 /* AppDelegate.swift in Sources */,
				88FBA9A0259B96BC00D1A941 /* NotationViewController.swift in Sources */,
				881BD1AF25657FB900E6B393 /* ChessGame.swift in Sources */,
				88B755B625854BE9007AF58F /* NavController.swift in Sources */,
				881BD1A325657F9200E6B393 /* Bishop.swift in Sources */,
				881BD1BB2565800700E6B393 /* StartScreen.swift in Sources */,
				881BD1B525657FCB00E6B393 /* BoardIndex.swift in Sources */,
				881BD1A925657FA400E6B393 /* Queen.swift in Sources */,
				881BD19A25657F7000E6B393 /* Pawn.swift in Sources */,
				881BD19D25657F7B00E6B393 /* Knight.swift in Sources */,
				881BD18025657EC000E6B393 /* SceneDelegate.swift in Sources */,
			);
			runOnlyForDeploymentPostprocessing = 0;
		};
/* End PBXSourcesBuildPhase section */

/* Begin PBXVariantGroup section */
		881BD18325657EC000E6B393 /* Main.storyboard */ = {
			isa = PBXVariantGroup;
			children = (
				881BD18425657EC000E6B393 /* Base */,
			);
			name = Main.storyboard;
			sourceTree = "<group>";
		};
		881BD18825657EC100E6B393 /* LaunchScreen.storyboard */ = {
			isa = PBXVariantGroup;
			children = (
				881BD18925657EC100E6B393 /* Base */,
			);
			name = LaunchScreen.storyboard;
			sourceTree = "<group>";
		};
/* End PBXVariantGroup section */

/* Begin XCBuildConfiguration section */
		881BD18C25657EC100E6B393 /* Debug */ = {
			isa = XCBuildConfiguration;
			buildSettings = {
				ALWAYS_SEARCH_USER_PATHS = NO;
				CLANG_ANALYZER_NONNULL = YES;
				CLANG_ANALYZER_NUMBER_OBJECT_CONVERSION = YES_AGGRESSIVE;
				CLANG_CXX_LANGUAGE_STANDARD = "gnu++14";
				CLANG_CXX_LIBRARY = "libc++";
				CLANG_ENABLE_MODULES = YES;
				CLANG_ENABLE_OBJC_ARC = YES;
				CLANG_ENABLE_OBJC_WEAK = YES;
				CLANG_WARN_BLOCK_CAPTURE_AUTORELEASING = YES;
				CLANG_WARN_BOOL_CONVERSION = YES;
				CLANG_WARN_COMMA = YES;
				CLANG_WARN_CONSTANT_CONVERSION = YES;
				CLANG_WARN_DEPRECATED_OBJC_IMPLEMENTATIONS = YES;
				CLANG_WARN_DIRECT_OBJC_ISA_USAGE = YES_ERROR;
				CLANG_WARN_DOCUMENTATION_COMMENTS = YES;
				CLANG_WARN_EMPTY_BODY = YES;
				CLANG_WARN_ENUM_CONVERSION = YES;
				CLANG_WARN_INFINITE_RECURSION = YES;
				CLANG_WARN_INT_CONVERSION = YES;
				CLANG_WARN_NON_LITERAL_NULL_CONVERSION = YES;
				CLANG_WARN_OBJC_IMPLICIT_RETAIN_SELF = YES;
				CLANG_WARN_OBJC_LITERAL_CONVERSION = YES;
				CLANG_WARN_OBJC_ROOT_CLASS = YES_ERROR;
				CLANG_WARN_QUOTED_INCLUDE_IN_FRAMEWORK_HEADER = YES;
				CLANG_WARN_RANGE_LOOP_ANALYSIS = YES;
				CLANG_WARN_STRICT_PROTOTYPES = YES;
				CLANG_WARN_SUSPICIOUS_MOVE = YES;
				CLANG_WARN_UNGUARDED_AVAILABILITY = YES_AGGRESSIVE;
				CLANG_WARN_UNREACHABLE_CODE = YES;
				CLANG_WARN__DUPLICATE_METHOD_MATCH = YES;
				COPY_PHASE_STRIP = NO;
				DEBUG_INFORMATION_FORMAT = dwarf;
				ENABLE_STRICT_OBJC_MSGSEND = YES;
				ENABLE_TESTABILITY = YES;
				GCC_C_LANGUAGE_STANDARD = gnu11;
				GCC_DYNAMIC_NO_PIC = NO;
				GCC_NO_COMMON_BLOCKS = YES;
				GCC_OPTIMIZATION_LEVEL = 0;
				GCC_PREPROCESSOR_DEFINITIONS = (
					"DEBUG=1",
					"$(inherited)",
				);
				GCC_WARN_64_TO_32_BIT_CONVERSION = YES;
				GCC_WARN_ABOUT_RETURN_TYPE = YES_ERROR;
				GCC_WARN_UNDECLARED_SELECTOR = YES;
				GCC_WARN_UNINITIALIZED_AUTOS = YES_AGGRESSIVE;
				GCC_WARN_UNUSED_FUNCTION = YES;
				GCC_WARN_UNUSED_VARIABLE = YES;
				IPHONEOS_DEPLOYMENT_TARGET = 14.2;
				MTL_ENABLE_DEBUG_INFO = INCLUDE_SOURCE;
				MTL_FAST_MATH = YES;
				ONLY_ACTIVE_ARCH = YES;
				SDKROOT = iphoneos;
				SWIFT_ACTIVE_COMPILATION_CONDITIONS = DEBUG;
				SWIFT_OPTIMIZATION_LEVEL = "-Onone";
			};
			name = Debug;
		};
		881BD18D25657EC100E6B393 /* Release */ = {
			isa = XCBuildConfiguration;
			buildSettings = {
				ALWAYS_SEARCH_USER_PATHS = NO;
				CLANG_ANALYZER_NONNULL = YES;
				CLANG_ANALYZER_NUMBER_OBJECT_CONVERSION = YES_AGGRESSIVE;
				CLANG_CXX_LANGUAGE_STANDARD = "gnu++14";
				CLANG_CXX_LIBRARY = "libc++";
				CLANG_ENABLE_MODULES = YES;
				CLANG_ENABLE_OBJC_ARC = YES;
				CLANG_ENABLE_OBJC_WEAK = YES;
				CLANG_WARN_BLOCK_CAPTURE_AUTORELEASING = YES;
				CLANG_WARN_BOOL_CONVERSION = YES;
				CLANG_WARN_COMMA = YES;
				CLANG_WARN_CONSTANT_CONVERSION = YES;
				CLANG_WARN_DEPRECATED_OBJC_IMPLEMENTATIONS = YES;
				CLANG_WARN_DIRECT_OBJC_ISA_USAGE = YES_ERROR;
				CLANG_WARN_DOCUMENTATION_COMMENTS = YES;
				CLANG_WARN_EMPTY_BODY = YES;
				CLANG_WARN_ENUM_CONVERSION = YES;
				CLANG_WARN_INFINITE_RECURSION = YES;
				CLANG_WARN_INT_CONVERSION = YES;
				CLANG_WARN_NON_LITERAL_NULL_CONVERSION = YES;
				CLANG_WARN_OBJC_IMPLICIT_RETAIN_SELF = YES;
				CLANG_WARN_OBJC_LITERAL_CONVERSION = YES;
				CLANG_WARN_OBJC_ROOT_CLASS = YES_ERROR;
				CLANG_WARN_QUOTED_INCLUDE_IN_FRAMEWORK_HEADER = YES;
				CLANG_WARN_RANGE_LOOP_ANALYSIS = YES;
				CLANG_WARN_STRICT_PROTOTYPES = YES;
				CLANG_WARN_SUSPICIOUS_MOVE = YES;
				CLANG_WARN_UNGUARDED_AVAILABILITY = YES_AGGRESSIVE;
				CLANG_WARN_UNREACHABLE_CODE = YES;
				CLANG_WARN__DUPLICATE_METHOD_MATCH = YES;
				COPY_PHASE_STRIP = NO;
				DEBUG_INFORMATION_FORMAT = "dwarf-with-dsym";
				ENABLE_NS_ASSERTIONS = NO;
				ENABLE_STRICT_OBJC_MSGSEND = YES;
				GCC_C_LANGUAGE_STANDARD = gnu11;
				GCC_NO_COMMON_BLOCKS = YES;
				GCC_WARN_64_TO_32_BIT_CONVERSION = YES;
				GCC_WARN_ABOUT_RETURN_TYPE = YES_ERROR;
				GCC_WARN_UNDECLARED_SELECTOR = YES;
				GCC_WARN_UNINITIALIZED_AUTOS = YES_AGGRESSIVE;
				GCC_WARN_UNUSED_FUNCTION = YES;
				GCC_WARN_UNUSED_VARIABLE = YES;
				IPHONEOS_DEPLOYMENT_TARGET = 14.2;
				MTL_ENABLE_DEBUG_INFO = NO;
				MTL_FAST_MATH = YES;
				SDKROOT = iphoneos;
				SWIFT_COMPILATION_MODE = wholemodule;
				SWIFT_OPTIMIZATION_LEVEL = "-O";
				VALIDATE_PRODUCT = YES;
			};
			name = Release;
		};
		881BD18F25657EC100E6B393 /* Debug */ = {
			isa = XCBuildConfiguration;
			buildSettings = {
				ASSETCATALOG_COMPILER_APPICON_NAME = AppIcon;
				ASSETCATALOG_COMPILER_GLOBAL_ACCENT_COLOR_NAME = AccentColor;
				CODE_SIGN_ENTITLEMENTS = J2Chess/J2Chess.entitlements;
				CODE_SIGN_STYLE = Automatic;
				CURRENT_PROJECT_VERSION = 10;
				DEVELOPMENT_TEAM = 8KW4KF38JB;
				INFOPLIST_FILE = J2Chess/Info.plist;
				IPHONEOS_DEPLOYMENT_TARGET = 14.2;
				LD_RUNPATH_SEARCH_PATHS = (
					"$(inherited)",
					"@executable_path/Frameworks",
				);
				PRODUCT_BUNDLE_IDENTIFIER = com.rosengarden.J2Chess;
				PRODUCT_NAME = "$(TARGET_NAME)";
				SUPPORTS_MACCATALYST = YES;
				SWIFT_VERSION = 5.0;
				TARGETED_DEVICE_FAMILY = "1,2";
			};
			name = Debug;
		};
		881BD19025657EC100E6B393 /* Release */ = {
			isa = XCBuildConfiguration;
			buildSettings = {
				ASSETCATALOG_COMPILER_APPICON_NAME = AppIcon;
				ASSETCATALOG_COMPILER_GLOBAL_ACCENT_COLOR_NAME = AccentColor;
				CODE_SIGN_ENTITLEMENTS = J2Chess/J2Chess.entitlements;
				CODE_SIGN_STYLE = Automatic;
				CURRENT_PROJECT_VERSION = 10;
				DEVELOPMENT_TEAM = 8KW4KF38JB;
				INFOPLIST_FILE = J2Chess/Info.plist;
				IPHONEOS_DEPLOYMENT_TARGET = 14.2;
				LD_RUNPATH_SEARCH_PATHS = (
					"$(inherited)",
					"@executable_path/Frameworks",
				);
				PRODUCT_BUNDLE_IDENTIFIER = com.rosengarden.J2Chess;
				PRODUCT_NAME = "$(TARGET_NAME)";
				SUPPORTS_MACCATALYST = YES;
				SWIFT_VERSION = 5.0;
				TARGETED_DEVICE_FAMILY = "1,2";
			};
			name = Release;
		};
/* End XCBuildConfiguration section */

/* Begin XCConfigurationList section */
		881BD17525657EC000E6B393 /* Build configuration list for PBXProject "J2Chess" */ = {
			isa = XCConfigurationList;
			buildConfigurations = (
				881BD18C25657EC100E6B393 /* Debug */,
				881BD18D25657EC100E6B393 /* Release */,
			);
			defaultConfigurationIsVisible = 0;
			defaultConfigurationName = Release;
		};
		881BD18E25657EC100E6B393 /* Build configuration list for PBXNativeTarget "J2Chess" */ = {
			isa = XCConfigurationList;
			buildConfigurations = (
				881BD18F25657EC100E6B393 /* Debug */,
				881BD19025657EC100E6B393 /* Release */,
			);
			defaultConfigurationIsVisible = 0;
			defaultConfigurationName = Release;
		};
/* End XCConfigurationList section */
	};
	rootObject = 881BD17225657EC000E6B393 /* Project object */;
}
